
Microsoft Visual Studio Solution File, Format Version 12.00
# Visual Studio 14
VisualStudioVersion = 14.0.25420.1
MinimumVisualStudioVersion = 10.0.40219.1
Project("{FAE04EC0-301F-11D3-BF4B-00C04F79EFBC}") = "HomeworkW5D1-Website-ASP", "HomeworkW5D1-Website-ASP\HomeworkW5D1-Website-ASP.csproj", "{9B5EFA60-C63A-4EDA-918C-0344EEDC91AF}"
EndProject
Global
	GlobalSection(SolutionConfigurationPlatforms) = preSolution
		Debug|Any CPU = Debug|Any CPU
		Release|Any CPU = Release|Any CPU
	EndGlobalSection
	GlobalSection(ProjectConfigurationPlatforms) = postSolution
		{9B5EFA60-C63A-4EDA-918C-0344EEDC91AF}.Debug|Any CPU.ActiveCfg = Debug|Any CPU
		{9B5EFA60-C63A-4EDA-918C-0344EEDC91AF}.Debug|Any CPU.Build.0 = Debug|Any CPU
		{9B5EFA60-C63A-4EDA-918C-0344EEDC91AF}.Release|Any CPU.ActiveCfg = Release|Any CPU
		{9B5EFA60-C63A-4EDA-918C-0344EEDC91AF}.Release|Any CPU.Build.0 = Release|Any CPU
	EndGlobalSection
	GlobalSection(SolutionProperties) = preSolution
		HideSolutionNode = FALSE
	EndGlobalSection
EndGlobal
